{
  "lockfileVersion": 1,
  "configVersion": 1,
  "workspaces": {
    "": {
      "name": "mock-blogapi",
      "dependencies": {
        "@graphql-tools/mock": "^9.1.12",
        "graphql": "16.9.0",
      },
    },
  },
  "packages": {
    "@graphql-tools/merge": ["@graphql-tools/merge@9.2.2", "", { "dependencies": { "@graphql-tools/utils": "^11.2.2", "tslib": "^2.4.0" }, "peerDependencies": { "graphql": "^14.0.0 || ^15.0.0 || ^16.0.0 || ^17.0.0" } }, "sha512-DSLLAztOIQId7QE3m8Ehk5lV+0pjxNSSRDHPzlYQ9E4KJ9AoUMBprC4C+eX3v4srh05S2ujm5/veqAr5yEWFSQ=="],

    "@graphql-tools/mock": ["@graphql-tools/mock@9.1.12", "", { "dependencies": { "@graphql-tools/schema": "^10.0.38", "@graphql-tools/utils": "^11.2.2", "fast-json-stable-stringify": "^2.1.0", "tslib": "^2.4.0" }, "peerDependencies": { "graphql": "^14.0.0 || ^15.0.0 || ^16.0.0 || ^17.0.0" } }, "sha512-U8A4cKVoi7TCbfdZVmyi7wHHUtsGaUZMpIwZb3RXVbdnbQoIVGfqVBLZuAgDlAS0c5A6FpUixOnahrGPX/ZyJg=="],

    "@graphql-tools/schema": ["@graphql-tools/schema@10.0.38", "", { "dependencies": { "@graphql-tools/merge": "^9.2.2", "@graphql-tools/utils": "^11.2.2", "tslib": "^2.4.0" }, "peerDependencies": { "graphql": "^14.0.0 || ^15.0.0 || ^16.0.0 || ^17.0.0" } }, "sha512-Kckk2/vm+rELJ7ijvFaAn9ouWSVUTD0D4SJIvYF4rKeuQHAfCzE/jzMFonZVpTXleqJjPXLZjVbuaMorw7A5Og=="],

    "@graphql-tools/utils": ["@graphql-tools/utils@11.2.2", "", { "dependencies": { "@graphql-typed-document-node/core": "^3.1.1", "@whatwg-node/promise-helpers": "^1.0.0", "cross-inspect": "1.0.1", "tslib": "^2.4.0" }, "peerDependencies": { "graphql": "^14.0.0 || ^15.0.0 || ^16.0.0 || ^17.0.0" } }, "sha512-Do2A/t6ayqOma8m7PvpYMsCBswL+NB35BQSng4GWSBqafL2/BnfAZy/NSENPwV721Rm2fG0BHETFC0+FJJZmLw=="],

    "@graphql-typed-document-node/core": ["@graphql-typed-document-node/core@3.2.0", "", { "peerDependencies": { "graphql": "^0.8.0 || ^0.9.0 || ^0.10.0 || ^0.11.0 || ^0.12.0 || ^0.13.0 || ^14.0.0 || ^15.0.0 || ^16.0.0 || ^17.0.0" } }, "sha512-mB9oAsNCm9aM3/SOv4YtBMqZbYj10R7dkq8byBqxGY/ncFwhf2oQzMV+LCRlWoDSEBJ3COiR1yeDvMtsoOsuFQ=="],

    "@whatwg-node/promise-helpers": ["@whatwg-node/promise-helpers@1.3.2", "", { "dependencies": { "tslib": "^2.6.3" } }, "sha512-Nst5JdK47VIl9UcGwtv2Rcgyn5lWtZ0/mhRQ4G8NN2isxpq2TO30iqHzmwoJycjWuyUfg3GFXqP/gFHXeV57IA=="],

    "cross-inspect": ["cross-inspect@1.0.1", "", { "dependencies": { "tslib": "^2.4.0" } }, "sha512-Pcw1JTvZLSJH83iiGWt6fRcT+BjZlCDRVwYLbUcHzv/CRpB7r0MlSrGbIyQvVSNyGnbt7G4AXuyCiDR3POvZ1A=="],

    "fast-json-stable-stringify": ["fast-json-stable-stringify@2.1.0", "", {}, "sha512-lhd/wF+Lk98HZoTCtlVraHtfh5XYijIjalXck7saUtuanSDyLMxnHhSXEDJqHxD7msR8D0uCmqlkwjCV8xvwHw=="],

    "graphql": ["graphql@16.9.0", "", {}, "sha512-GGTKBX4SD7Wdb8mqeDLni2oaRGYQWjWHGKPQ24ZMnUtKfcsVoiv4uX8+LJr1K6U5VW2Lu1BwJnj7uiori0YtRw=="],

    "tslib": ["tslib@2.8.1", "", {}, "sha512-oJFu94HQb+KVduSUQL7wnpmqnfmLsOA/nAh6b6EH0wCEoK0/mPeXU6c3wKDV83MkOuHPRHtSXKKU99IBazS/2w=="],
  }
}
